
Microsoft Visual Studio Solution File, Format Version 12.00
# Visual Studio Version 17
VisualStudioVersion = 17.13.35931.197
MinimumVisualStudioVersion = 10.0.40219.1
Project("{FAE04EC0-301F-11D3-BF4B-00C04F79EFBC}") = "Resonate_API", "Resonate_API\Resonate_API.csproj", "{10A09251-346C-4839-BD29-9469EBC074C4}"
EndProject
Project("{FAE04EC0-301F-11D3-BF4B-00C04F79EFBC}") = "Resonate", "..\Resonate\Resonate.csproj", "{3D884D14-4CE8-4765-B7C3-BE74D701CD9B}"
EndProject
Global
	GlobalSection(SolutionConfigurationPlatforms) = preSolution
		Debug|Any CPU = Debug|Any CPU
		Release|Any CPU = Release|Any CPU
	EndGlobalSection
	GlobalSection(ProjectConfigurationPlatforms) = postSolution
		{10A09251-346C-4839-BD29-9469EBC074C4}.Debug|Any CPU.ActiveCfg = Debug|Any CPU
		{10A09251-346C-4839-BD29-9469EBC074C4}.Debug|Any CPU.Build.0 = Debug|Any CPU
		{10A09251-346C-4839-BD29-9469EBC074C4}.Release|Any CPU.ActiveCfg = Release|Any CPU
		{10A09251-346C-4839-BD29-9469EBC074C4}.Release|Any CPU.Build.0 = Release|Any CPU
		{3D884D14-4CE8-4765-B7C3-BE74D701CD9B}.Debug|Any CPU.ActiveCfg = Debug|Any CPU
		{3D884D14-4CE8-4765-B7C3-BE74D701CD9B}.Debug|Any CPU.Build.0 = Debug|Any CPU
		{3D884D14-4CE8-4765-B7C3-BE74D701CD9B}.Release|Any CPU.ActiveCfg = Release|Any CPU
		{3D884D14-4CE8-4765-B7C3-BE74D701CD9B}.Release|Any CPU.Build.0 = Release|Any CPU
	EndGlobalSection
	GlobalSection(SolutionProperties) = preSolution
		HideSolutionNode = FALSE
	EndGlobalSection
	GlobalSection(ExtensibilityGlobals) = postSolution
		SolutionGuid = {BFEE665F-1B45-499B-82B7-84816AC16976}
	EndGlobalSection
EndGlobal
